
Microsoft Visual Studio Solution File, Format Version 12.00
# Visual Studio Version 17
VisualStudioVersion = 17.4.33213.308
MinimumVisualStudioVersion = 10.0.40219.1
Project("{9A19103F-16F7-4668-BE54-9A1E7A4F7556}") = "GameTrip.API", "GameTrip.API\GameTrip.API.csproj", "{51232C4B-DBA8-4709-B485-922F3B4C2433}"
EndProject
Project("{9A19103F-16F7-4668-BE54-9A1E7A4F7556}") = "GameTrip.Provider", "GameTrip.Provider\GameTrip.Provider.csproj", "{ED75C0B8-2728-47EE-B823-52FD93DB24B1}"
EndProject
Project("{9A19103F-16F7-4668-BE54-9A1E7A4F7556}") = "GameTrip.Platform", "GameTrip.Platform\GameTrip.Platform.csproj", "{2EA000FE-77F9-4215-A926-CDE8608EDC10}"
EndProject
Project("{9A19103F-16F7-4668-BE54-9A1E7A4F7556}") = "GameTrip.Domain", "GameTrip.Domain\GameTrip.Domain.csproj", "{FB30701A-E041-4E73-A421-6B947B78908A}"
EndProject
Project("{9A19103F-16F7-4668-BE54-9A1E7A4F7556}") = "GameTrip.EFCore", "GameTrip.EFCore\GameTrip.EFCore.csproj", "{838173F0-4B3A-449C-94F8-48447D97998B}"
EndProject
Project("{2150E333-8FDC-42A3-9474-1A3956D46DE8}") = "Solution Items", "Solution Items", "{4CB1406F-198B-4610-92F8-499ED75E9402}"
	ProjectSection(SolutionItems) = preProject
		.editorconfig = .editorconfig
		..\.gitignore = ..\.gitignore
		..\.github\workflows\docker.yml = ..\.github\workflows\docker.yml
		..\.github\workflows\GameTripClientAPI.yml = ..\.github\workflows\GameTripClientAPI.yml
		..\npmVersion.json = ..\npmVersion.json
	EndProjectSection
EndProject
Global
	GlobalSection(SolutionConfigurationPlatforms) = preSolution
		Debug|Any CPU = Debug|Any CPU
		Release|Any CPU = Release|Any CPU
	EndGlobalSection
	GlobalSection(ProjectConfigurationPlatforms) = postSolution
		{51232C4B-DBA8-4709-B485-922F3B4C2433}.Debug|Any CPU.ActiveCfg = Debug|Any CPU
		{51232C4B-DBA8-4709-B485-922F3B4C2433}.Debug|Any CPU.Build.0 = Debug|Any CPU
		{51232C4B-DBA8-4709-B485-922F3B4C2433}.Release|Any CPU.ActiveCfg = Release|Any CPU
		{51232C4B-DBA8-4709-B485-922F3B4C2433}.Release|Any CPU.Build.0 = Release|Any CPU
		{ED75C0B8-2728-47EE-B823-52FD93DB24B1}.Debug|Any CPU.ActiveCfg = Debug|Any CPU
		{ED75C0B8-2728-47EE-B823-52FD93DB24B1}.Debug|Any CPU.Build.0 = Debug|Any CPU
		{ED75C0B8-2728-47EE-B823-52FD93DB24B1}.Release|Any CPU.ActiveCfg = Release|Any CPU
		{ED75C0B8-2728-47EE-B823-52FD93DB24B1}.Release|Any CPU.Build.0 = Release|Any CPU
		{2EA000FE-77F9-4215-A926-CDE8608EDC10}.Debug|Any CPU.ActiveCfg = Debug|Any CPU
		{2EA000FE-77F9-4215-A926-CDE8608EDC10}.Debug|Any CPU.Build.0 = Debug|Any CPU
		{2EA000FE-77F9-4215-A926-CDE8608EDC10}.Release|Any CPU.ActiveCfg = Release|Any CPU
		{2EA000FE-77F9-4215-A926-CDE8608EDC10}.Release|Any CPU.Build.0 = Release|Any CPU
		{FB30701A-E041-4E73-A421-6B947B78908A}.Debug|Any CPU.ActiveCfg = Debug|Any CPU
		{FB30701A-E041-4E73-A421-6B947B78908A}.Debug|Any CPU.Build.0 = Debug|Any CPU
		{FB30701A-E041-4E73-A421-6B947B78908A}.Release|Any CPU.ActiveCfg = Release|Any CPU
		{FB30701A-E041-4E73-A421-6B947B78908A}.Release|Any CPU.Build.0 = Release|Any CPU
		{838173F0-4B3A-449C-94F8-48447D97998B}.Debug|Any CPU.ActiveCfg = Debug|Any CPU
		{838173F0-4B3A-449C-94F8-48447D97998B}.Debug|Any CPU.Build.0 = Debug|Any CPU
		{838173F0-4B3A-449C-94F8-48447D97998B}.Release|Any CPU.ActiveCfg = Release|Any CPU
		{838173F0-4B3A-449C-94F8-48447D97998B}.Release|Any CPU.Build.0 = Release|Any CPU
	EndGlobalSection
	GlobalSection(SolutionProperties) = preSolution
		HideSolutionNode = FALSE
	EndGlobalSection
	GlobalSection(ExtensibilityGlobals) = postSolution
		SolutionGuid = {E5ABA032-7313-436D-BD33-52B02E86F8F9}
	EndGlobalSection
EndGlobal
